
Microsoft Visual Studio Solution File, Format Version 12.00
# Visual Studio Version 16
VisualStudioVersion = 16.0.31105.61
MinimumVisualStudioVersion = 10.0.40219.1
Project("{FAE04EC0-301F-11D3-BF4B-00C04F79EFBC}") = "Problem-plecakowy", "Problem-plecakowy\Problem-plecakowy.csproj", "{246C3D6B-BFE9-4D22-A5B9-54D05144EB56}"
EndProject
Global
	GlobalSection(SolutionConfigurationPlatforms) = preSolution
		Debug|Any CPU = Debug|Any CPU
		Release|Any CPU = Release|Any CPU
	EndGlobalSection
	GlobalSection(ProjectConfigurationPlatforms) = postSolution
		{246C3D6B-BFE9-4D22-A5B9-54D05144EB56}.Debug|Any CPU.ActiveCfg = Debug|Any CPU
		{246C3D6B-BFE9-4D22-A5B9-54D05144EB56}.Debug|Any CPU.Build.0 = Debug|Any CPU
		{246C3D6B-BFE9-4D22-A5B9-54D05144EB56}.Release|Any CPU.ActiveCfg = Release|Any CPU
		{246C3D6B-BFE9-4D22-A5B9-54D05144EB56}.Release|Any CPU.Build.0 = Release|Any CPU
	EndGlobalSection
	GlobalSection(SolutionProperties) = preSolution
		HideSolutionNode = FALSE
	EndGlobalSection
	GlobalSection(ExtensibilityGlobals) = postSolution
		SolutionGuid = {9DF834DC-6847-4E8E-9B2E-F160772560BC}
	EndGlobalSection
EndGlobal
